
Microsoft Visual Studio Solution File, Format Version 12.00
# Visual Studio 15
VisualStudioVersion = 15.0.27130.2010
MinimumVisualStudioVersion = 10.0.40219.1
Project("{FAE04EC0-301F-11D3-BF4B-00C04F79EFBC}") = "BubbleSort", "BubbleSort\BubbleSort.csproj", "{61B9866F-F538-4006-BC26-AA97F5F7549C}"
EndProject
Project("{FAE04EC0-301F-11D3-BF4B-00C04F79EFBC}") = "BubbleSortTests", "BubbleSortTests\BubbleSortTests.csproj", "{7DBCC3A1-C802-4E4F-8044-09D02DA9DAE7}"
EndProject
Project("{FAE04EC0-301F-11D3-BF4B-00C04F79EFBC}") = "TowerOfHanoi", "TowerOfHanoi\TowerOfHanoi.csproj", "{ABC837BF-9746-41A5-A05C-BEA358EECB96}"
EndProject
Project("{FAE04EC0-301F-11D3-BF4B-00C04F79EFBC}") = "Week4_Day1_Class", "Week4_Day1_Class\Week4_Day1_Class.csproj", "{33D9D022-3F44-4B18-B2EE-4A3D1182B5A7}"
EndProject
Global
	GlobalSection(SolutionConfigurationPlatforms) = preSolution
		Debug|Any CPU = Debug|Any CPU
		Release|Any CPU = Release|Any CPU
	EndGlobalSection
	GlobalSection(ProjectConfigurationPlatforms) = postSolution
		{61B9866F-F538-4006-BC26-AA97F5F7549C}.Debug|Any CPU.ActiveCfg = Debug|Any CPU
		{61B9866F-F538-4006-BC26-AA97F5F7549C}.Debug|Any CPU.Build.0 = Debug|Any CPU
		{61B9866F-F538-4006-BC26-AA97F5F7549C}.Release|Any CPU.ActiveCfg = Release|Any CPU
		{61B9866F-F538-4006-BC26-AA97F5F7549C}.Release|Any CPU.Build.0 = Release|Any CPU
		{7DBCC3A1-C802-4E4F-8044-09D02DA9DAE7}.Debug|Any CPU.ActiveCfg = Debug|Any CPU
		{7DBCC3A1-C802-4E4F-8044-09D02DA9DAE7}.Debug|Any CPU.Build.0 = Debug|Any CPU
		{7DBCC3A1-C802-4E4F-8044-09D02DA9DAE7}.Release|Any CPU.ActiveCfg = Release|Any CPU
		{7DBCC3A1-C802-4E4F-8044-09D02DA9DAE7}.Release|Any CPU.Build.0 = Release|Any CPU
		{ABC837BF-9746-41A5-A05C-BEA358EECB96}.Debug|Any CPU.ActiveCfg = Debug|Any CPU
		{ABC837BF-9746-41A5-A05C-BEA358EECB96}.Debug|Any CPU.Build.0 = Debug|Any CPU
		{ABC837BF-9746-41A5-A05C-BEA358EECB96}.Release|Any CPU.ActiveCfg = Release|Any CPU
		{ABC837BF-9746-41A5-A05C-BEA358EECB96}.Release|Any CPU.Build.0 = Release|Any CPU
		{33D9D022-3F44-4B18-B2EE-4A3D1182B5A7}.Debug|Any CPU.ActiveCfg = Debug|Any CPU
		{33D9D022-3F44-4B18-B2EE-4A3D1182B5A7}.Debug|Any CPU.Build.0 = Debug|Any CPU
		{33D9D022-3F44-4B18-B2EE-4A3D1182B5A7}.Release|Any CPU.ActiveCfg = Release|Any CPU
		{33D9D022-3F44-4B18-B2EE-4A3D1182B5A7}.Release|Any CPU.Build.0 = Release|Any CPU
	EndGlobalSection
	GlobalSection(SolutionProperties) = preSolution
		HideSolutionNode = FALSE
	EndGlobalSection
	GlobalSection(ExtensibilityGlobals) = postSolution
		SolutionGuid = {51F623D2-B6EE-44F3-927F-2D9151F8B711}
	EndGlobalSection
EndGlobal
